{
  "name": "large-react",
  "version": "0.0.1",
  "lockfileVersion": 1,
  "requires": true,
  "dependencies": {
    "bluebird": {
      "version": "3.5.0",
      "resolved": "https://registry.npmjs.org/bluebird/-/bluebird-3.5.0.tgz",
      "integrity": "sha1-eRQg1/VR7qKJdFOop3ZT+WYG1nw="
    },
    "electrode-archetype-react-app": {
      "version": "3.1.6",
      "resolved": "https://registry.npmjs.org/electrode-archetype-react-app/-/electrode-archetype-react-app-3.1.6.tgz",
      "integrity": "sha1-koJ+D/9+w/vCmwyQTwWPGuRYNhM="
    },
    "electrode-archetype-react-app-dev": {
      "version": "3.1.6",
      "resolved": "https://registry.npmjs.org/electrode-archetype-react-app-dev/-/electrode-archetype-react-app-dev-3.1.6.tgz",
      "integrity": "sha1-MFbws8aRlDS2u87N60qLa0pQzys=",
      "dev": true,
      "dependencies": {
        "loader-utils": {
          "version": "1.1.0",
          "resolved": "https://registry.npmjs.org/loader-utils/-/loader-utils-1.1.0.tgz",
          "integrity": "sha1-yYrvSIvM7aL/teLeZG1qdUQp9c0="
        }
      }
    },
    "electrode-auto-ssr": {
      "version": "1.0.3",
      "resolved": "https://registry.npmjs.org/electrode-auto-ssr/-/electrode-auto-ssr-1.0.3.tgz",
      "integrity": "sha1-YsPHhxB+F5M24b3E+gbFHtlQgO0="
    },
    "electrode-confippet": {
      "version": "1.5.0",
      "resolved": "https://registry.npmjs.org/electrode-confippet/-/electrode-confippet-1.5.0.tgz",
      "integrity": "sha1-aEFlFNEp5fsqzP2jazEoSbnjrzY="
    },
    "electrode-react-webapp": {
      "version": "1.7.2",
      "resolved": "https://registry.npmjs.org/electrode-react-webapp/-/electrode-react-webapp-1.7.2.tgz",
      "integrity": "sha1-kwaCaeg+N51uMUS+zr9HKA++6/0="
    },
    "electrode-redux-router-engine": {
      "version": "1.4.5",
      "resolved": "https://registry.npmjs.org/electrode-redux-router-engine/-/electrode-redux-router-engine-1.4.5.tgz",
      "integrity": "sha1-m6fqJupwzXKiStnMal3ERK5TL9Y="
    },
    "electrode-server": {
      "version": "1.2.2",
      "resolved": "https://registry.npmjs.org/electrode-server/-/electrode-server-1.2.2.tgz",
      "integrity": "sha1-TVXM8RcNfsdHy64plO0NyyvvrM0="
    },
    "electrode-static-paths": {
      "version": "1.1.0",
      "resolved": "https://registry.npmjs.org/electrode-static-paths/-/electrode-static-paths-1.1.0.tgz",
      "integrity": "sha1-xAFg9pAY6h1ek0iIx0tNaE5FT/U="
    },
    "lodash": {
      "version": "4.17.21",
      "resolved": "https://registry.npmjs.org/lodash/-/lodash-4.17.21.tgz",
      "integrity": "sha512-v2kDEe57lecTulaDIuNTPy3Ry4gLGJ6Z1O3vE1krgXZNrsQ+LFTGHVxVjcXPs17LhbZVGedAJv8XZ1tvj5FvSg=="
    },
    "react-notify-toast": {
      "version": "0.1.5",
      "resolved": "https://registry.npmjs.org/react-notify-toast/-/react-notify-toast-0.1.5.tgz",
      "integrity": "sha1-qRTlTCd8Gf1z5z0iCePZ+PKqr+4=",
      "dependencies": {
        "object-assign": {
          "version": "3.0.0",
          "resolved": "https://registry.npmjs.org/object-assign/-/object-assign-3.0.0.tgz",
          "integrity": "sha1-m+3VygiXlJvKR+f/QIBi1Un1h/I="
        }
      }
    }
  }
}
